
Microsoft Visual Studio Solution File, Format Version 12.00
# Visual Studio 15
VisualStudioVersion = 15.0.28307.329
MinimumVisualStudioVersion = 10.0.40219.1
Project("{FAE04EC0-301F-11D3-BF4B-00C04F79EFBC}") = "ASL Interpretation System [ProtoType 1]", "ASL Interpretation System [ProtoType 1]\ASL Interpretation System [ProtoType 1].csproj", "{B0077232-74D2-4B8E-9052-2A2B26ED383A}"
EndProject
Global
	GlobalSection(SolutionConfigurationPlatforms) = preSolution
		Debug|Any CPU = Debug|Any CPU
		Release|Any CPU = Release|Any CPU
	EndGlobalSection
	GlobalSection(ProjectConfigurationPlatforms) = postSolution
		{B0077232-74D2-4B8E-9052-2A2B26ED383A}.Debug|Any CPU.ActiveCfg = Debug|Any CPU
		{B0077232-74D2-4B8E-9052-2A2B26ED383A}.Debug|Any CPU.Build.0 = Debug|Any CPU
		{B0077232-74D2-4B8E-9052-2A2B26ED383A}.Release|Any CPU.ActiveCfg = Release|Any CPU
		{B0077232-74D2-4B8E-9052-2A2B26ED383A}.Release|Any CPU.Build.0 = Release|Any CPU
	EndGlobalSection
	GlobalSection(SolutionProperties) = preSolution
		HideSolutionNode = FALSE
	EndGlobalSection
	GlobalSection(ExtensibilityGlobals) = postSolution
		SolutionGuid = {8E3F352C-1114-4419-A531-C55D3A341263}
	EndGlobalSection
EndGlobal
